
Microsoft Visual Studio Solution File, Format Version 12.00
# Visual Studio Version 16
VisualStudioVersion = 16.0.31605.320
MinimumVisualStudioVersion = 10.0.40219.1
Project("{FAE04EC0-301F-11D3-BF4B-00C04F79EFBC}") = "payroll", "payroll\payroll.csproj", "{F577FCC1-4EE2-444C-BCE2-1564074CA39B}"
EndProject
Project("{FAE04EC0-301F-11D3-BF4B-00C04F79EFBC}") = "payroll.test", "payroll.test\payroll.test.csproj", "{50A6CF4A-E787-4588-A196-A19BD74A6C32}"
EndProject
Project("{FAE04EC0-301F-11D3-BF4B-00C04F79EFBC}") = "payroll.commons", "payroll.commons\payroll.commons.csproj", "{CC44045E-5BD2-47AB-BF14-5FA1035EC7AC}"
EndProject
Project("{2150E333-8FDC-42A3-9474-1A3956D46DE8}") = "src", "src", "{5062C37E-948F-4F2B-B4EC-D906C7254B30}"
EndProject
Project("{2150E333-8FDC-42A3-9474-1A3956D46DE8}") = "test", "test", "{915D9E1F-EB2C-4530-B59E-F8E251986EFB}"
EndProject
Project("{FAE04EC0-301F-11D3-BF4B-00C04F79EFBC}") = "LoggerServices", "LoggerServices\LoggerServices.csproj", "{DAFB0660-8B56-4A89-82EE-AC68EE746C74}"
EndProject
Project("{FAE04EC0-301F-11D3-BF4B-00C04F79EFBC}") = "payroll.core", "payroll.core\payroll.core.csproj", "{88BD8AA7-9499-4146-B7BD-65B45A4EEECD}"
EndProject
Project("{FAE04EC0-301F-11D3-BF4B-00C04F79EFBC}") = "payroll.core.test", "payroll.core.test\payroll.core.test.csproj", "{14098658-6212-4FA1-8942-C31718D05620}"
EndProject
Project("{FAE04EC0-301F-11D3-BF4B-00C04F79EFBC}") = "payroll.data", "payroll.data\payroll.data.csproj", "{8F510D20-BC11-4568-B885-7829639EDDD1}"
EndProject
Project("{FAE04EC0-301F-11D3-BF4B-00C04F79EFBC}") = "payroll.service", "payroll.service\payroll.service.csproj", "{665C7ADF-A2FD-4E64-AAF2-1533EE4D6022}"
EndProject
Project("{FAE04EC0-301F-11D3-BF4B-00C04F79EFBC}") = "payroll.data.test", "payroll.data.test\payroll.data.test.csproj", "{75D45BBE-0CE4-45C4-B386-C270D87DD4F2}"
EndProject
Project("{FAE04EC0-301F-11D3-BF4B-00C04F79EFBC}") = "payroll.service.test", "payroll.service.test\payroll.service.test.csproj", "{C69B01FC-A161-4ED7-94E1-3B07A5257ACE}"
EndProject
Global
	GlobalSection(SolutionConfigurationPlatforms) = preSolution
		Debug|Any CPU = Debug|Any CPU
		Release|Any CPU = Release|Any CPU
	EndGlobalSection
	GlobalSection(ProjectConfigurationPlatforms) = postSolution
		{F577FCC1-4EE2-444C-BCE2-1564074CA39B}.Debug|Any CPU.ActiveCfg = Debug|Any CPU
		{F577FCC1-4EE2-444C-BCE2-1564074CA39B}.Debug|Any CPU.Build.0 = Debug|Any CPU
		{F577FCC1-4EE2-444C-BCE2-1564074CA39B}.Release|Any CPU.ActiveCfg = Release|Any CPU
		{F577FCC1-4EE2-444C-BCE2-1564074CA39B}.Release|Any CPU.Build.0 = Release|Any CPU
		{50A6CF4A-E787-4588-A196-A19BD74A6C32}.Debug|Any CPU.ActiveCfg = Debug|Any CPU
		{50A6CF4A-E787-4588-A196-A19BD74A6C32}.Debug|Any CPU.Build.0 = Debug|Any CPU
		{50A6CF4A-E787-4588-A196-A19BD74A6C32}.Release|Any CPU.ActiveCfg = Release|Any CPU
		{50A6CF4A-E787-4588-A196-A19BD74A6C32}.Release|Any CPU.Build.0 = Release|Any CPU
		{CC44045E-5BD2-47AB-BF14-5FA1035EC7AC}.Debug|Any CPU.ActiveCfg = Debug|Any CPU
		{CC44045E-5BD2-47AB-BF14-5FA1035EC7AC}.Debug|Any CPU.Build.0 = Debug|Any CPU
		{CC44045E-5BD2-47AB-BF14-5FA1035EC7AC}.Release|Any CPU.ActiveCfg = Release|Any CPU
		{CC44045E-5BD2-47AB-BF14-5FA1035EC7AC}.Release|Any CPU.Build.0 = Release|Any CPU
		{DAFB0660-8B56-4A89-82EE-AC68EE746C74}.Debug|Any CPU.ActiveCfg = Debug|Any CPU
		{DAFB0660-8B56-4A89-82EE-AC68EE746C74}.Debug|Any CPU.Build.0 = Debug|Any CPU
		{DAFB0660-8B56-4A89-82EE-AC68EE746C74}.Release|Any CPU.ActiveCfg = Release|Any CPU
		{DAFB0660-8B56-4A89-82EE-AC68EE746C74}.Release|Any CPU.Build.0 = Release|Any CPU
		{88BD8AA7-9499-4146-B7BD-65B45A4EEECD}.Debug|Any CPU.ActiveCfg = Debug|Any CPU
		{88BD8AA7-9499-4146-B7BD-65B45A4EEECD}.Debug|Any CPU.Build.0 = Debug|Any CPU
		{88BD8AA7-9499-4146-B7BD-65B45A4EEECD}.Release|Any CPU.ActiveCfg = Release|Any CPU
		{88BD8AA7-9499-4146-B7BD-65B45A4EEECD}.Release|Any CPU.Build.0 = Release|Any CPU
		{14098658-6212-4FA1-8942-C31718D05620}.Debug|Any CPU.ActiveCfg = Debug|Any CPU
		{14098658-6212-4FA1-8942-C31718D05620}.Debug|Any CPU.Build.0 = Debug|Any CPU
		{14098658-6212-4FA1-8942-C31718D05620}.Release|Any CPU.ActiveCfg = Release|Any CPU
		{14098658-6212-4FA1-8942-C31718D05620}.Release|Any CPU.Build.0 = Release|Any CPU
		{8F510D20-BC11-4568-B885-7829639EDDD1}.Debug|Any CPU.ActiveCfg = Debug|Any CPU
		{8F510D20-BC11-4568-B885-7829639EDDD1}.Debug|Any CPU.Build.0 = Debug|Any CPU
		{8F510D20-BC11-4568-B885-7829639EDDD1}.Release|Any CPU.ActiveCfg = Release|Any CPU
		{8F510D20-BC11-4568-B885-7829639EDDD1}.Release|Any CPU.Build.0 = Release|Any CPU
		{665C7ADF-A2FD-4E64-AAF2-1533EE4D6022}.Debug|Any CPU.ActiveCfg = Debug|Any CPU
		{665C7ADF-A2FD-4E64-AAF2-1533EE4D6022}.Debug|Any CPU.Build.0 = Debug|Any CPU
		{665C7ADF-A2FD-4E64-AAF2-1533EE4D6022}.Release|Any CPU.ActiveCfg = Release|Any CPU
		{665C7ADF-A2FD-4E64-AAF2-1533EE4D6022}.Release|Any CPU.Build.0 = Release|Any CPU
		{75D45BBE-0CE4-45C4-B386-C270D87DD4F2}.Debug|Any CPU.ActiveCfg = Debug|Any CPU
		{75D45BBE-0CE4-45C4-B386-C270D87DD4F2}.Debug|Any CPU.Build.0 = Debug|Any CPU
		{75D45BBE-0CE4-45C4-B386-C270D87DD4F2}.Release|Any CPU.ActiveCfg = Release|Any CPU
		{75D45BBE-0CE4-45C4-B386-C270D87DD4F2}.Release|Any CPU.Build.0 = Release|Any CPU
		{C69B01FC-A161-4ED7-94E1-3B07A5257ACE}.Debug|Any CPU.ActiveCfg = Debug|Any CPU
		{C69B01FC-A161-4ED7-94E1-3B07A5257ACE}.Debug|Any CPU.Build.0 = Debug|Any CPU
		{C69B01FC-A161-4ED7-94E1-3B07A5257ACE}.Release|Any CPU.ActiveCfg = Release|Any CPU
		{C69B01FC-A161-4ED7-94E1-3B07A5257ACE}.Release|Any CPU.Build.0 = Release|Any CPU
	EndGlobalSection
	GlobalSection(SolutionProperties) = preSolution
		HideSolutionNode = FALSE
	EndGlobalSection
	GlobalSection(NestedProjects) = preSolution
		{F577FCC1-4EE2-444C-BCE2-1564074CA39B} = {5062C37E-948F-4F2B-B4EC-D906C7254B30}
		{50A6CF4A-E787-4588-A196-A19BD74A6C32} = {915D9E1F-EB2C-4530-B59E-F8E251986EFB}
		{CC44045E-5BD2-47AB-BF14-5FA1035EC7AC} = {5062C37E-948F-4F2B-B4EC-D906C7254B30}
		{DAFB0660-8B56-4A89-82EE-AC68EE746C74} = {5062C37E-948F-4F2B-B4EC-D906C7254B30}
		{88BD8AA7-9499-4146-B7BD-65B45A4EEECD} = {5062C37E-948F-4F2B-B4EC-D906C7254B30}
		{14098658-6212-4FA1-8942-C31718D05620} = {915D9E1F-EB2C-4530-B59E-F8E251986EFB}
		{8F510D20-BC11-4568-B885-7829639EDDD1} = {5062C37E-948F-4F2B-B4EC-D906C7254B30}
		{665C7ADF-A2FD-4E64-AAF2-1533EE4D6022} = {5062C37E-948F-4F2B-B4EC-D906C7254B30}
		{75D45BBE-0CE4-45C4-B386-C270D87DD4F2} = {915D9E1F-EB2C-4530-B59E-F8E251986EFB}
		{C69B01FC-A161-4ED7-94E1-3B07A5257ACE} = {915D9E1F-EB2C-4530-B59E-F8E251986EFB}
	EndGlobalSection
	GlobalSection(ExtensibilityGlobals) = postSolution
		SolutionGuid = {D02F24A2-2057-4EFB-B670-083D516038C5}
	EndGlobalSection
EndGlobal
